
Microsoft Visual Studio Solution File, Format Version 12.00
# Visual Studio Version 16
VisualStudioVersion = 16.0.31112.23
MinimumVisualStudioVersion = 10.0.40219.1
Project("{FAE04EC0-301F-11D3-BF4B-00C04F79EFBC}") = "ChatClient", "ChatClient.csproj", "{A52AA792-8870-4563-A376-2CF13E05569E}"
EndProject
Global
	GlobalSection(SolutionConfigurationPlatforms) = preSolution
		Debug|Any CPU = Debug|Any CPU
		Release|Any CPU = Release|Any CPU
	EndGlobalSection
	GlobalSection(ProjectConfigurationPlatforms) = postSolution
		{A52AA792-8870-4563-A376-2CF13E05569E}.Debug|Any CPU.ActiveCfg = Debug|Any CPU
		{A52AA792-8870-4563-A376-2CF13E05569E}.Debug|Any CPU.Build.0 = Debug|Any CPU
		{A52AA792-8870-4563-A376-2CF13E05569E}.Release|Any CPU.ActiveCfg = Release|Any CPU
		{A52AA792-8870-4563-A376-2CF13E05569E}.Release|Any CPU.Build.0 = Release|Any CPU
	EndGlobalSection
	GlobalSection(SolutionProperties) = preSolution
		HideSolutionNode = FALSE
	EndGlobalSection
	GlobalSection(ExtensibilityGlobals) = postSolution
		SolutionGuid = {5EB5DBE7-A0E4-436E-80D2-1DCACC283AF1}
	EndGlobalSection
EndGlobal
